k8s.io/api v0.0.0-20181213150558-05914d821849/go.mod h1:iuAfoD4hCxJ8Onx9kaTIt30j7jUFS00AXQi6QMi99vA=
k8s.io/apiextensions-apiserver v0.0.0-20181213153335-0fe22c71c476/go.mod h1:IxkesAMoaCRoLrPJdZNZUQp9NfZnzqaVzLhb2VEQzXE=
k8s.io/apimachinery v0.0.0-20181127025237-2b1284ed4c93/go.mod h1:ccL7Eh7zubPUSh9A3USN90/OzHNSVN6zxzde07TDCL0=
k8s.io/apiserver v0.0.0-20181213151703-3ccfe8365421/go.mod h1:6bqaTSOSJavUIXUtfaR9Os9JtTCm8ZqH2SUl2S60C4w=
k8s.io/cli-runtime v0.0.0-20181213153952-835b10687cb6/go.mod h1:qWnH3/b8sp/l7EvlDh7ulDU3UWA4P4N1NFbEEP791tM=
k8s.io/client-go v10.0.0+incompatible/go.mod h1:7vJpHMYJwNQCWgzmNV+VYUl1zCObLyodBc8nIyt8L5s=
